
Microsoft Visual Studio Solution File, Format Version 12.00
# Visual Studio Version 16
VisualStudioVersion = 16.0.30309.148
MinimumVisualStudioVersion = 10.0.40219.1
Project("{FAE04EC0-301F-11D3-BF4B-00C04F79EFBC}") = "I_ThenBy_Operator", "I_ThenBy_Operator.csproj", "{806A1BD0-52A7-40F7-933F-DF78440C9A07}"
EndProject
Global
	GlobalSection(SolutionConfigurationPlatforms) = preSolution
		Debug|Any CPU = Debug|Any CPU
		Release|Any CPU = Release|Any CPU
	EndGlobalSection
	GlobalSection(ProjectConfigurationPlatforms) = postSolution
		{806A1BD0-52A7-40F7-933F-DF78440C9A07}.Debug|Any CPU.ActiveCfg = Debug|Any CPU
		{806A1BD0-52A7-40F7-933F-DF78440C9A07}.Debug|Any CPU.Build.0 = Debug|Any CPU
		{806A1BD0-52A7-40F7-933F-DF78440C9A07}.Release|Any CPU.ActiveCfg = Release|Any CPU
		{806A1BD0-52A7-40F7-933F-DF78440C9A07}.Release|Any CPU.Build.0 = Release|Any CPU
	EndGlobalSection
	GlobalSection(SolutionProperties) = preSolution
		HideSolutionNode = FALSE
	EndGlobalSection
	GlobalSection(ExtensibilityGlobals) = postSolution
		SolutionGuid = {8918477A-4112-4ADE-81A5-6B348086FF7E}
	EndGlobalSection
EndGlobal
