
Microsoft Visual Studio Solution File, Format Version 12.00
# Visual Studio Version 16
VisualStudioVersion = 16.0.30320.27
MinimumVisualStudioVersion = 10.0.40219.1
Project("{FAE04EC0-301F-11D3-BF4B-00C04F79EFBC}") = "W_Last_LastOrDefault", "W_Last_LastOrDefault.csproj", "{9CD2334E-ED23-4A64-8FBB-D19D98E28EDC}"
EndProject
Global
	GlobalSection(SolutionConfigurationPlatforms) = preSolution
		Debug|Any CPU = Debug|Any CPU
		Release|Any CPU = Release|Any CPU
	EndGlobalSection
	GlobalSection(ProjectConfigurationPlatforms) = postSolution
		{9CD2334E-ED23-4A64-8FBB-D19D98E28EDC}.Debug|Any CPU.ActiveCfg = Debug|Any CPU
		{9CD2334E-ED23-4A64-8FBB-D19D98E28EDC}.Debug|Any CPU.Build.0 = Debug|Any CPU
		{9CD2334E-ED23-4A64-8FBB-D19D98E28EDC}.Release|Any CPU.ActiveCfg = Release|Any CPU
		{9CD2334E-ED23-4A64-8FBB-D19D98E28EDC}.Release|Any CPU.Build.0 = Release|Any CPU
	EndGlobalSection
	GlobalSection(SolutionProperties) = preSolution
		HideSolutionNode = FALSE
	EndGlobalSection
	GlobalSection(ExtensibilityGlobals) = postSolution
		SolutionGuid = {585BB881-564D-475E-BFB5-7FED1BE33D11}
	EndGlobalSection
EndGlobal
