
Microsoft Visual Studio Solution File, Format Version 12.00
# Visual Studio Version 16
VisualStudioVersion = 16.0.30309.148
MinimumVisualStudioVersion = 10.0.40219.1
Project("{FAE04EC0-301F-11D3-BF4B-00C04F79EFBC}") = "R_Inner_Join", "R_Inner_Join.csproj", "{BBF89886-B22F-4B5E-86AD-13246A34B95D}"
EndProject
Global
	GlobalSection(SolutionConfigurationPlatforms) = preSolution
		Debug|Any CPU = Debug|Any CPU
		Release|Any CPU = Release|Any CPU
	EndGlobalSection
	GlobalSection(ProjectConfigurationPlatforms) = postSolution
		{BBF89886-B22F-4B5E-86AD-13246A34B95D}.Debug|Any CPU.ActiveCfg = Debug|Any CPU
		{BBF89886-B22F-4B5E-86AD-13246A34B95D}.Debug|Any CPU.Build.0 = Debug|Any CPU
		{BBF89886-B22F-4B5E-86AD-13246A34B95D}.Release|Any CPU.ActiveCfg = Release|Any CPU
		{BBF89886-B22F-4B5E-86AD-13246A34B95D}.Release|Any CPU.Build.0 = Release|Any CPU
	EndGlobalSection
	GlobalSection(SolutionProperties) = preSolution
		HideSolutionNode = FALSE
	EndGlobalSection
	GlobalSection(ExtensibilityGlobals) = postSolution
		SolutionGuid = {30FF5B4E-B45B-4F20-8CE5-D0DB419D0675}
	EndGlobalSection
EndGlobal
