
Microsoft Visual Studio Solution File, Format Version 12.00
# Visual Studio Version 16
VisualStudioVersion = 16.0.30309.148
MinimumVisualStudioVersion = 10.0.40219.1
Project("{FAE04EC0-301F-11D3-BF4B-00C04F79EFBC}") = "K_Reverse_Operator", "K_Reverse_Operator.csproj", "{6E13A098-3411-4C9C-A322-EC7F64F2837B}"
EndProject
Global
	GlobalSection(SolutionConfigurationPlatforms) = preSolution
		Debug|Any CPU = Debug|Any CPU
		Release|Any CPU = Release|Any CPU
	EndGlobalSection
	GlobalSection(ProjectConfigurationPlatforms) = postSolution
		{6E13A098-3411-4C9C-A322-EC7F64F2837B}.Debug|Any CPU.ActiveCfg = Debug|Any CPU
		{6E13A098-3411-4C9C-A322-EC7F64F2837B}.Debug|Any CPU.Build.0 = Debug|Any CPU
		{6E13A098-3411-4C9C-A322-EC7F64F2837B}.Release|Any CPU.ActiveCfg = Release|Any CPU
		{6E13A098-3411-4C9C-A322-EC7F64F2837B}.Release|Any CPU.Build.0 = Release|Any CPU
	EndGlobalSection
	GlobalSection(SolutionProperties) = preSolution
		HideSolutionNode = FALSE
	EndGlobalSection
	GlobalSection(ExtensibilityGlobals) = postSolution
		SolutionGuid = {33EB4B75-DCDA-4B45-9AB3-7B9DD5BAD65D}
	EndGlobalSection
EndGlobal
