
Microsoft Visual Studio Solution File, Format Version 12.00
# Visual Studio Version 16
VisualStudioVersion = 16.0.30309.148
MinimumVisualStudioVersion = 10.0.40219.1
Project("{FAE04EC0-301F-11D3-BF4B-00C04F79EFBC}") = "N_Intersect_Union_Operator", "N_Intersect_Union_Operator.csproj", "{7C6BB93E-3832-4FF8-8908-37F74ABF3260}"
EndProject
Global
	GlobalSection(SolutionConfigurationPlatforms) = preSolution
		Debug|Any CPU = Debug|Any CPU
		Release|Any CPU = Release|Any CPU
	EndGlobalSection
	GlobalSection(ProjectConfigurationPlatforms) = postSolution
		{7C6BB93E-3832-4FF8-8908-37F74ABF3260}.Debug|Any CPU.ActiveCfg = Debug|Any CPU
		{7C6BB93E-3832-4FF8-8908-37F74ABF3260}.Debug|Any CPU.Build.0 = Debug|Any CPU
		{7C6BB93E-3832-4FF8-8908-37F74ABF3260}.Release|Any CPU.ActiveCfg = Release|Any CPU
		{7C6BB93E-3832-4FF8-8908-37F74ABF3260}.Release|Any CPU.Build.0 = Release|Any CPU
	EndGlobalSection
	GlobalSection(SolutionProperties) = preSolution
		HideSolutionNode = FALSE
	EndGlobalSection
	GlobalSection(ExtensibilityGlobals) = postSolution
		SolutionGuid = {1312067B-21CF-4954-8AAE-A2E3DE782008}
	EndGlobalSection
EndGlobal
